
Microsoft Visual Studio Solution File, Format Version 12.00
# Visual Studio 2012
Project("{8BC9CEB8-8B4A-11D0-8D11-00A0C91BC942}") = "wing", "wing.vcxproj", "{EE433BCB-45AD-4AE0-8C25-96180D3E12F6}"
EndProject
Project("{8BC9CEB8-8B4A-11D0-8D11-00A0C91BC942}") = "com_test", "com_test\com_test.vcxproj", "{5F05F903-A283-4220-BB23-0C761A2A75EB}"
EndProject
Global
	GlobalSection(SolutionConfigurationPlatforms) = preSolution
		Debug_TS|Win32 = Debug_TS|Win32
		Debug|Win32 = Debug|Win32
		Release_TS|Win32 = Release_TS|Win32
		Release|Win32 = Release|Win32
	EndGlobalSection
	GlobalSection(ProjectConfigurationPlatforms) = postSolution
		{EE433BCB-45AD-4AE0-8C25-96180D3E12F6}.Debug_TS|Win32.ActiveCfg = Debug_TS|Win32
		{EE433BCB-45AD-4AE0-8C25-96180D3E12F6}.Debug_TS|Win32.Build.0 = Debug_TS|Win32
		{EE433BCB-45AD-4AE0-8C25-96180D3E12F6}.Debug|Win32.ActiveCfg = Debug_TS|Win32
		{EE433BCB-45AD-4AE0-8C25-96180D3E12F6}.Debug|Win32.Build.0 = Debug_TS|Win32
		{EE433BCB-45AD-4AE0-8C25-96180D3E12F6}.Release_TS|Win32.ActiveCfg = Release_TS|Win32
		{EE433BCB-45AD-4AE0-8C25-96180D3E12F6}.Release_TS|Win32.Build.0 = Release_TS|Win32
		{EE433BCB-45AD-4AE0-8C25-96180D3E12F6}.Release|Win32.ActiveCfg = Release_TS|Win32
		{EE433BCB-45AD-4AE0-8C25-96180D3E12F6}.Release|Win32.Build.0 = Release_TS|Win32
		{5F05F903-A283-4220-BB23-0C761A2A75EB}.Debug_TS|Win32.ActiveCfg = Debug|Win32
		{5F05F903-A283-4220-BB23-0C761A2A75EB}.Debug_TS|Win32.Build.0 = Debug|Win32
		{5F05F903-A283-4220-BB23-0C761A2A75EB}.Debug|Win32.ActiveCfg = Debug|Win32
		{5F05F903-A283-4220-BB23-0C761A2A75EB}.Debug|Win32.Build.0 = Debug|Win32
		{5F05F903-A283-4220-BB23-0C761A2A75EB}.Release_TS|Win32.ActiveCfg = Release|Win32
		{5F05F903-A283-4220-BB23-0C761A2A75EB}.Release_TS|Win32.Build.0 = Release|Win32
		{5F05F903-A283-4220-BB23-0C761A2A75EB}.Release|Win32.ActiveCfg = Release|Win32
		{5F05F903-A283-4220-BB23-0C761A2A75EB}.Release|Win32.Build.0 = Release|Win32
	EndGlobalSection
	GlobalSection(SolutionProperties) = preSolution
		HideSolutionNode = FALSE
	EndGlobalSection
EndGlobal
