
Microsoft Visual Studio Solution File, Format Version 12.00
# Visual Studio 2012
Project("{8BC9CEB8-8B4A-11D0-8D11-00A0C91BC942}") = "wing", "wing.vcxproj", "{EE433BCB-45AD-4AE0-8C25-96180D3E12F6}"
EndProject
Project("{8BC9CEB8-8B4A-11D0-8D11-00A0C91BC942}") = "com_test", "com_test\com_test.vcxproj", "{5F05F903-A283-4220-BB23-0C761A2A75EB}"
EndProject
Project("{8BC9CEB8-8B4A-11D0-8D11-00A0C91BC942}") = "socket_select", "socket_select\socket_select.vcxproj", "{5218C78A-9214-422E-B681-B0A6532938A6}"
EndProject
Project("{8BC9CEB8-8B4A-11D0-8D11-00A0C91BC942}") = "socket_client", "socket_client\socket_client.vcxproj", "{5DB5C1C6-A30E-45E5-9316-D996F1322048}"
EndProject
Project("{8BC9CEB8-8B4A-11D0-8D11-00A0C91BC942}") = "socket_async_select", "socket_async_select\socket_async_select.vcxproj", "{70544108-D281-438E-BEB0-D8DA8E4BD94F}"
EndProject
Project("{8BC9CEB8-8B4A-11D0-8D11-00A0C91BC942}") = "socket_event_select", "socket_event_select\socket_event_select.vcxproj", "{514C5C3C-749E-4625-8D47-53B607D0390A}"
EndProject
Project("{8BC9CEB8-8B4A-11D0-8D11-00A0C91BC942}") = "socket_reio", "socket_reio\socket_reio.vcxproj", "{860CDBBE-F48C-453F-A3B2-308993577C04}"
EndProject
Project("{8BC9CEB8-8B4A-11D0-8D11-00A0C91BC942}") = "socket_iocp", "socket_iocp\socket_iocp.vcxproj", "{4231BBA6-E526-408A-A554-A0D2A553C8F0}"
EndProject
Project("{8BC9CEB8-8B4A-11D0-8D11-00A0C91BC942}") = "ntdll", "..\ntdll\ntdll.vcxproj", "{131E2EF5-09D2-4BEE-85B1-7CDA6B808ABC}"
EndProject
Project("{8BC9CEB8-8B4A-11D0-8D11-00A0C91BC942}") = "copy_data", "copy_data_test\test.vcxproj", "{1C7CE4FF-6810-4930-9C2A-8385235C91EF}"
EndProject
Project("{8BC9CEB8-8B4A-11D0-8D11-00A0C91BC942}") = "wincrypt", "..\wincrypt\wincrypt.vcxproj", "{7C941EAE-3837-4EA8-B7C1-8859ED85FFC3}"
EndProject
Project("{8BC9CEB8-8B4A-11D0-8D11-00A0C91BC942}") = "windecrypt", "windecrypt\windecrypt.vcxproj", "{9A30F735-853E-4C31-8796-99C59F588801}"
EndProject
Project("{8BC9CEB8-8B4A-11D0-8D11-00A0C91BC942}") = "wmic", "..\wmic\wmic.vcxproj", "{FC275EBE-FB85-488D-8051-4AB3AD48989C}"
EndProject
Project("{8BC9CEB8-8B4A-11D0-8D11-00A0C91BC942}") = "wmic2", "..\wmic2\wmic2.vcxproj", "{3E9565C5-E19F-4416-8721-FB48847E5510}"
EndProject
Project("{8BC9CEB8-8B4A-11D0-8D11-00A0C91BC942}") = "wmic_cpu", "wmic_cpu\wmic_cpu.vcxproj", "{EB1E420C-1344-40FF-8513-73ACBBD442DE}"
EndProject
Project("{8BC9CEB8-8B4A-11D0-8D11-00A0C91BC942}") = "WingString", "WingString\WingString.vcxproj", "{892ED24E-EE1A-4CC4-9347-95211F952E89}"
EndProject
Project("{8BC9CEB8-8B4A-11D0-8D11-00A0C91BC942}") = "WingWmic", "WingWmic\WingWmic.vcxproj", "{DB044845-5818-4D87-8564-6CE79CA99FD8}"
EndProject
Project("{8BC9CEB8-8B4A-11D0-8D11-00A0C91BC942}") = "file_test", "file_test\file_test.vcxproj", "{A1584A6B-4B2A-415C-80E9-64F2D9C9610B}"
EndProject
Project("{8BC9CEB8-8B4A-11D0-8D11-00A0C91BC942}") = "wing_linux", "wing_linux\wing_linux.vcxproj", "{E2495CA6-C14C-42F5-945F-5F267BA6F014}"
EndProject
Project("{8BC9CEB8-8B4A-11D0-8D11-00A0C91BC942}") = "linux_test", "wing\linux_test\linux_test.vcxproj", "{A7E1D49F-F1E1-46A6-99F7-BBC17F3CD129}"
EndProject
Project("{8BC9CEB8-8B4A-11D0-8D11-00A0C91BC942}") = "iocp", "iocp\iocp.vcxproj", "{8EA3D702-87CC-464F-AFA3-7FED11D7CC96}"
EndProject
Project("{8BC9CEB8-8B4A-11D0-8D11-00A0C91BC942}") = "wmic_getnames", "wmic_getnames\wmic_getnames.vcxproj", "{BE9ED174-5227-43F7-B878-E2AF811E787C}"
EndProject
Global
	GlobalSection(SolutionConfigurationPlatforms) = preSolution
		Debug_TS|Win32 = Debug_TS|Win32
		Debug|Win32 = Debug|Win32
		Release_TS|Win32 = Release_TS|Win32
		Release|Win32 = Release|Win32
	EndGlobalSection
	GlobalSection(ProjectConfigurationPlatforms) = postSolution
		{EE433BCB-45AD-4AE0-8C25-96180D3E12F6}.Debug_TS|Win32.ActiveCfg = Debug_TS|Win32
		{EE433BCB-45AD-4AE0-8C25-96180D3E12F6}.Debug_TS|Win32.Build.0 = Debug_TS|Win32
		{EE433BCB-45AD-4AE0-8C25-96180D3E12F6}.Debug|Win32.ActiveCfg = Debug_TS|Win32
		{EE433BCB-45AD-4AE0-8C25-96180D3E12F6}.Debug|Win32.Build.0 = Debug_TS|Win32
		{EE433BCB-45AD-4AE0-8C25-96180D3E12F6}.Release_TS|Win32.ActiveCfg = Release_TS|Win32
		{EE433BCB-45AD-4AE0-8C25-96180D3E12F6}.Release_TS|Win32.Build.0 = Release_TS|Win32
		{EE433BCB-45AD-4AE0-8C25-96180D3E12F6}.Release|Win32.ActiveCfg = Release_TS|Win32
		{EE433BCB-45AD-4AE0-8C25-96180D3E12F6}.Release|Win32.Build.0 = Release_TS|Win32
		{5F05F903-A283-4220-BB23-0C761A2A75EB}.Debug_TS|Win32.ActiveCfg = Debug|Win32
		{5F05F903-A283-4220-BB23-0C761A2A75EB}.Debug_TS|Win32.Build.0 = Debug|Win32
		{5F05F903-A283-4220-BB23-0C761A2A75EB}.Debug|Win32.ActiveCfg = Debug|Win32
		{5F05F903-A283-4220-BB23-0C761A2A75EB}.Debug|Win32.Build.0 = Debug|Win32
		{5F05F903-A283-4220-BB23-0C761A2A75EB}.Release_TS|Win32.ActiveCfg = Release|Win32
		{5F05F903-A283-4220-BB23-0C761A2A75EB}.Release_TS|Win32.Build.0 = Release|Win32
		{5F05F903-A283-4220-BB23-0C761A2A75EB}.Release|Win32.ActiveCfg = Release|Win32
		{5F05F903-A283-4220-BB23-0C761A2A75EB}.Release|Win32.Build.0 = Release|Win32
		{5218C78A-9214-422E-B681-B0A6532938A6}.Debug_TS|Win32.ActiveCfg = Debug|Win32
		{5218C78A-9214-422E-B681-B0A6532938A6}.Debug_TS|Win32.Build.0 = Debug|Win32
		{5218C78A-9214-422E-B681-B0A6532938A6}.Debug|Win32.ActiveCfg = Debug|Win32
		{5218C78A-9214-422E-B681-B0A6532938A6}.Debug|Win32.Build.0 = Debug|Win32
		{5218C78A-9214-422E-B681-B0A6532938A6}.Release_TS|Win32.ActiveCfg = Release|Win32
		{5218C78A-9214-422E-B681-B0A6532938A6}.Release_TS|Win32.Build.0 = Release|Win32
		{5218C78A-9214-422E-B681-B0A6532938A6}.Release|Win32.ActiveCfg = Release|Win32
		{5218C78A-9214-422E-B681-B0A6532938A6}.Release|Win32.Build.0 = Release|Win32
		{5DB5C1C6-A30E-45E5-9316-D996F1322048}.Debug_TS|Win32.ActiveCfg = Debug|Win32
		{5DB5C1C6-A30E-45E5-9316-D996F1322048}.Debug_TS|Win32.Build.0 = Debug|Win32
		{5DB5C1C6-A30E-45E5-9316-D996F1322048}.Debug|Win32.ActiveCfg = Debug|Win32
		{5DB5C1C6-A30E-45E5-9316-D996F1322048}.Debug|Win32.Build.0 = Debug|Win32
		{5DB5C1C6-A30E-45E5-9316-D996F1322048}.Release_TS|Win32.ActiveCfg = Release|Win32
		{5DB5C1C6-A30E-45E5-9316-D996F1322048}.Release_TS|Win32.Build.0 = Release|Win32
		{5DB5C1C6-A30E-45E5-9316-D996F1322048}.Release|Win32.ActiveCfg = Release|Win32
		{5DB5C1C6-A30E-45E5-9316-D996F1322048}.Release|Win32.Build.0 = Release|Win32
		{70544108-D281-438E-BEB0-D8DA8E4BD94F}.Debug_TS|Win32.ActiveCfg = Debug|Win32
		{70544108-D281-438E-BEB0-D8DA8E4BD94F}.Debug_TS|Win32.Build.0 = Debug|Win32
		{70544108-D281-438E-BEB0-D8DA8E4BD94F}.Debug|Win32.ActiveCfg = Debug|Win32
		{70544108-D281-438E-BEB0-D8DA8E4BD94F}.Debug|Win32.Build.0 = Debug|Win32
		{70544108-D281-438E-BEB0-D8DA8E4BD94F}.Release_TS|Win32.ActiveCfg = Release|Win32
		{70544108-D281-438E-BEB0-D8DA8E4BD94F}.Release_TS|Win32.Build.0 = Release|Win32
		{70544108-D281-438E-BEB0-D8DA8E4BD94F}.Release|Win32.ActiveCfg = Release|Win32
		{70544108-D281-438E-BEB0-D8DA8E4BD94F}.Release|Win32.Build.0 = Release|Win32
		{514C5C3C-749E-4625-8D47-53B607D0390A}.Debug_TS|Win32.ActiveCfg = Debug|Win32
		{514C5C3C-749E-4625-8D47-53B607D0390A}.Debug_TS|Win32.Build.0 = Debug|Win32
		{514C5C3C-749E-4625-8D47-53B607D0390A}.Debug|Win32.ActiveCfg = Debug|Win32
		{514C5C3C-749E-4625-8D47-53B607D0390A}.Debug|Win32.Build.0 = Debug|Win32
		{514C5C3C-749E-4625-8D47-53B607D0390A}.Release_TS|Win32.ActiveCfg = Release|Win32
		{514C5C3C-749E-4625-8D47-53B607D0390A}.Release_TS|Win32.Build.0 = Release|Win32
		{514C5C3C-749E-4625-8D47-53B607D0390A}.Release|Win32.ActiveCfg = Release|Win32
		{514C5C3C-749E-4625-8D47-53B607D0390A}.Release|Win32.Build.0 = Release|Win32
		{860CDBBE-F48C-453F-A3B2-308993577C04}.Debug_TS|Win32.ActiveCfg = Debug|Win32
		{860CDBBE-F48C-453F-A3B2-308993577C04}.Debug_TS|Win32.Build.0 = Debug|Win32
		{860CDBBE-F48C-453F-A3B2-308993577C04}.Debug|Win32.ActiveCfg = Debug|Win32
		{860CDBBE-F48C-453F-A3B2-308993577C04}.Debug|Win32.Build.0 = Debug|Win32
		{860CDBBE-F48C-453F-A3B2-308993577C04}.Release_TS|Win32.ActiveCfg = Release|Win32
		{860CDBBE-F48C-453F-A3B2-308993577C04}.Release_TS|Win32.Build.0 = Release|Win32
		{860CDBBE-F48C-453F-A3B2-308993577C04}.Release|Win32.ActiveCfg = Release|Win32
		{860CDBBE-F48C-453F-A3B2-308993577C04}.Release|Win32.Build.0 = Release|Win32
		{4231BBA6-E526-408A-A554-A0D2A553C8F0}.Debug_TS|Win32.ActiveCfg = Debug|Win32
		{4231BBA6-E526-408A-A554-A0D2A553C8F0}.Debug_TS|Win32.Build.0 = Debug|Win32
		{4231BBA6-E526-408A-A554-A0D2A553C8F0}.Debug|Win32.ActiveCfg = Debug|Win32
		{4231BBA6-E526-408A-A554-A0D2A553C8F0}.Debug|Win32.Build.0 = Debug|Win32
		{4231BBA6-E526-408A-A554-A0D2A553C8F0}.Release_TS|Win32.ActiveCfg = Release|Win32
		{4231BBA6-E526-408A-A554-A0D2A553C8F0}.Release_TS|Win32.Build.0 = Release|Win32
		{4231BBA6-E526-408A-A554-A0D2A553C8F0}.Release|Win32.ActiveCfg = Release|Win32
		{4231BBA6-E526-408A-A554-A0D2A553C8F0}.Release|Win32.Build.0 = Release|Win32
		{131E2EF5-09D2-4BEE-85B1-7CDA6B808ABC}.Debug_TS|Win32.ActiveCfg = Debug|Win32
		{131E2EF5-09D2-4BEE-85B1-7CDA6B808ABC}.Debug_TS|Win32.Build.0 = Debug|Win32
		{131E2EF5-09D2-4BEE-85B1-7CDA6B808ABC}.Debug|Win32.ActiveCfg = Debug|Win32
		{131E2EF5-09D2-4BEE-85B1-7CDA6B808ABC}.Debug|Win32.Build.0 = Debug|Win32
		{131E2EF5-09D2-4BEE-85B1-7CDA6B808ABC}.Release_TS|Win32.ActiveCfg = Release|Win32
		{131E2EF5-09D2-4BEE-85B1-7CDA6B808ABC}.Release_TS|Win32.Build.0 = Release|Win32
		{131E2EF5-09D2-4BEE-85B1-7CDA6B808ABC}.Release|Win32.ActiveCfg = Release|Win32
		{131E2EF5-09D2-4BEE-85B1-7CDA6B808ABC}.Release|Win32.Build.0 = Release|Win32
		{1C7CE4FF-6810-4930-9C2A-8385235C91EF}.Debug_TS|Win32.ActiveCfg = Debug|Win32
		{1C7CE4FF-6810-4930-9C2A-8385235C91EF}.Debug_TS|Win32.Build.0 = Debug|Win32
		{1C7CE4FF-6810-4930-9C2A-8385235C91EF}.Debug|Win32.ActiveCfg = Debug|Win32
		{1C7CE4FF-6810-4930-9C2A-8385235C91EF}.Debug|Win32.Build.0 = Debug|Win32
		{1C7CE4FF-6810-4930-9C2A-8385235C91EF}.Release_TS|Win32.ActiveCfg = Release|Win32
		{1C7CE4FF-6810-4930-9C2A-8385235C91EF}.Release_TS|Win32.Build.0 = Release|Win32
		{1C7CE4FF-6810-4930-9C2A-8385235C91EF}.Release|Win32.ActiveCfg = Release|Win32
		{1C7CE4FF-6810-4930-9C2A-8385235C91EF}.Release|Win32.Build.0 = Release|Win32
		{7C941EAE-3837-4EA8-B7C1-8859ED85FFC3}.Debug_TS|Win32.ActiveCfg = Debug|Win32
		{7C941EAE-3837-4EA8-B7C1-8859ED85FFC3}.Debug_TS|Win32.Build.0 = Debug|Win32
		{7C941EAE-3837-4EA8-B7C1-8859ED85FFC3}.Debug|Win32.ActiveCfg = Debug|Win32
		{7C941EAE-3837-4EA8-B7C1-8859ED85FFC3}.Debug|Win32.Build.0 = Debug|Win32
		{7C941EAE-3837-4EA8-B7C1-8859ED85FFC3}.Release_TS|Win32.ActiveCfg = Release|Win32
		{7C941EAE-3837-4EA8-B7C1-8859ED85FFC3}.Release_TS|Win32.Build.0 = Release|Win32
		{7C941EAE-3837-4EA8-B7C1-8859ED85FFC3}.Release|Win32.ActiveCfg = Release|Win32
		{7C941EAE-3837-4EA8-B7C1-8859ED85FFC3}.Release|Win32.Build.0 = Release|Win32
		{9A30F735-853E-4C31-8796-99C59F588801}.Debug_TS|Win32.ActiveCfg = Debug|Win32
		{9A30F735-853E-4C31-8796-99C59F588801}.Debug_TS|Win32.Build.0 = Debug|Win32
		{9A30F735-853E-4C31-8796-99C59F588801}.Debug|Win32.ActiveCfg = Debug|Win32
		{9A30F735-853E-4C31-8796-99C59F588801}.Debug|Win32.Build.0 = Debug|Win32
		{9A30F735-853E-4C31-8796-99C59F588801}.Release_TS|Win32.ActiveCfg = Release|Win32
		{9A30F735-853E-4C31-8796-99C59F588801}.Release_TS|Win32.Build.0 = Release|Win32
		{9A30F735-853E-4C31-8796-99C59F588801}.Release|Win32.ActiveCfg = Release|Win32
		{9A30F735-853E-4C31-8796-99C59F588801}.Release|Win32.Build.0 = Release|Win32
		{FC275EBE-FB85-488D-8051-4AB3AD48989C}.Debug_TS|Win32.ActiveCfg = Debug|Win32
		{FC275EBE-FB85-488D-8051-4AB3AD48989C}.Debug_TS|Win32.Build.0 = Debug|Win32
		{FC275EBE-FB85-488D-8051-4AB3AD48989C}.Debug|Win32.ActiveCfg = Debug|Win32
		{FC275EBE-FB85-488D-8051-4AB3AD48989C}.Debug|Win32.Build.0 = Debug|Win32
		{FC275EBE-FB85-488D-8051-4AB3AD48989C}.Release_TS|Win32.ActiveCfg = Release|Win32
		{FC275EBE-FB85-488D-8051-4AB3AD48989C}.Release_TS|Win32.Build.0 = Release|Win32
		{FC275EBE-FB85-488D-8051-4AB3AD48989C}.Release|Win32.ActiveCfg = Release|Win32
		{FC275EBE-FB85-488D-8051-4AB3AD48989C}.Release|Win32.Build.0 = Release|Win32
		{3E9565C5-E19F-4416-8721-FB48847E5510}.Debug_TS|Win32.ActiveCfg = Debug|Win32
		{3E9565C5-E19F-4416-8721-FB48847E5510}.Debug_TS|Win32.Build.0 = Debug|Win32
		{3E9565C5-E19F-4416-8721-FB48847E5510}.Debug|Win32.ActiveCfg = Debug|Win32
		{3E9565C5-E19F-4416-8721-FB48847E5510}.Debug|Win32.Build.0 = Debug|Win32
		{3E9565C5-E19F-4416-8721-FB48847E5510}.Release_TS|Win32.ActiveCfg = Release|Win32
		{3E9565C5-E19F-4416-8721-FB48847E5510}.Release_TS|Win32.Build.0 = Release|Win32
		{3E9565C5-E19F-4416-8721-FB48847E5510}.Release|Win32.ActiveCfg = Release|Win32
		{3E9565C5-E19F-4416-8721-FB48847E5510}.Release|Win32.Build.0 = Release|Win32
		{EB1E420C-1344-40FF-8513-73ACBBD442DE}.Debug_TS|Win32.ActiveCfg = Debug|Win32
		{EB1E420C-1344-40FF-8513-73ACBBD442DE}.Debug_TS|Win32.Build.0 = Debug|Win32
		{EB1E420C-1344-40FF-8513-73ACBBD442DE}.Debug|Win32.ActiveCfg = Debug|Win32
		{EB1E420C-1344-40FF-8513-73ACBBD442DE}.Debug|Win32.Build.0 = Debug|Win32
		{EB1E420C-1344-40FF-8513-73ACBBD442DE}.Release_TS|Win32.ActiveCfg = Release|Win32
		{EB1E420C-1344-40FF-8513-73ACBBD442DE}.Release_TS|Win32.Build.0 = Release|Win32
		{EB1E420C-1344-40FF-8513-73ACBBD442DE}.Release|Win32.ActiveCfg = Release|Win32
		{EB1E420C-1344-40FF-8513-73ACBBD442DE}.Release|Win32.Build.0 = Release|Win32
		{892ED24E-EE1A-4CC4-9347-95211F952E89}.Debug_TS|Win32.ActiveCfg = Debug|Win32
		{892ED24E-EE1A-4CC4-9347-95211F952E89}.Debug_TS|Win32.Build.0 = Debug|Win32
		{892ED24E-EE1A-4CC4-9347-95211F952E89}.Debug|Win32.ActiveCfg = Debug|Win32
		{892ED24E-EE1A-4CC4-9347-95211F952E89}.Debug|Win32.Build.0 = Debug|Win32
		{892ED24E-EE1A-4CC4-9347-95211F952E89}.Release_TS|Win32.ActiveCfg = Release|Win32
		{892ED24E-EE1A-4CC4-9347-95211F952E89}.Release_TS|Win32.Build.0 = Release|Win32
		{892ED24E-EE1A-4CC4-9347-95211F952E89}.Release|Win32.ActiveCfg = Release|Win32
		{892ED24E-EE1A-4CC4-9347-95211F952E89}.Release|Win32.Build.0 = Release|Win32
		{DB044845-5818-4D87-8564-6CE79CA99FD8}.Debug_TS|Win32.ActiveCfg = Debug|Win32
		{DB044845-5818-4D87-8564-6CE79CA99FD8}.Debug_TS|Win32.Build.0 = Debug|Win32
		{DB044845-5818-4D87-8564-6CE79CA99FD8}.Debug|Win32.ActiveCfg = Debug|Win32
		{DB044845-5818-4D87-8564-6CE79CA99FD8}.Debug|Win32.Build.0 = Debug|Win32
		{DB044845-5818-4D87-8564-6CE79CA99FD8}.Release_TS|Win32.ActiveCfg = Release|Win32
		{DB044845-5818-4D87-8564-6CE79CA99FD8}.Release_TS|Win32.Build.0 = Release|Win32
		{DB044845-5818-4D87-8564-6CE79CA99FD8}.Release|Win32.ActiveCfg = Release|Win32
		{DB044845-5818-4D87-8564-6CE79CA99FD8}.Release|Win32.Build.0 = Release|Win32
		{A1584A6B-4B2A-415C-80E9-64F2D9C9610B}.Debug_TS|Win32.ActiveCfg = Debug|Win32
		{A1584A6B-4B2A-415C-80E9-64F2D9C9610B}.Debug_TS|Win32.Build.0 = Debug|Win32
		{A1584A6B-4B2A-415C-80E9-64F2D9C9610B}.Debug|Win32.ActiveCfg = Debug|Win32
		{A1584A6B-4B2A-415C-80E9-64F2D9C9610B}.Debug|Win32.Build.0 = Debug|Win32
		{A1584A6B-4B2A-415C-80E9-64F2D9C9610B}.Release_TS|Win32.ActiveCfg = Release|Win32
		{A1584A6B-4B2A-415C-80E9-64F2D9C9610B}.Release_TS|Win32.Build.0 = Release|Win32
		{A1584A6B-4B2A-415C-80E9-64F2D9C9610B}.Release|Win32.ActiveCfg = Release|Win32
		{A1584A6B-4B2A-415C-80E9-64F2D9C9610B}.Release|Win32.Build.0 = Release|Win32
		{E2495CA6-C14C-42F5-945F-5F267BA6F014}.Debug_TS|Win32.ActiveCfg = Debug|Win32
		{E2495CA6-C14C-42F5-945F-5F267BA6F014}.Debug_TS|Win32.Build.0 = Debug|Win32
		{E2495CA6-C14C-42F5-945F-5F267BA6F014}.Debug|Win32.ActiveCfg = Debug|Win32
		{E2495CA6-C14C-42F5-945F-5F267BA6F014}.Debug|Win32.Build.0 = Debug|Win32
		{E2495CA6-C14C-42F5-945F-5F267BA6F014}.Release_TS|Win32.ActiveCfg = Release|Win32
		{E2495CA6-C14C-42F5-945F-5F267BA6F014}.Release_TS|Win32.Build.0 = Release|Win32
		{E2495CA6-C14C-42F5-945F-5F267BA6F014}.Release|Win32.ActiveCfg = Release|Win32
		{E2495CA6-C14C-42F5-945F-5F267BA6F014}.Release|Win32.Build.0 = Release|Win32
		{A7E1D49F-F1E1-46A6-99F7-BBC17F3CD129}.Debug_TS|Win32.ActiveCfg = Debug|Win32
		{A7E1D49F-F1E1-46A6-99F7-BBC17F3CD129}.Debug_TS|Win32.Build.0 = Debug|Win32
		{A7E1D49F-F1E1-46A6-99F7-BBC17F3CD129}.Debug|Win32.ActiveCfg = Debug|Win32
		{A7E1D49F-F1E1-46A6-99F7-BBC17F3CD129}.Debug|Win32.Build.0 = Debug|Win32
		{A7E1D49F-F1E1-46A6-99F7-BBC17F3CD129}.Release_TS|Win32.ActiveCfg = Release|Win32
		{A7E1D49F-F1E1-46A6-99F7-BBC17F3CD129}.Release_TS|Win32.Build.0 = Release|Win32
		{A7E1D49F-F1E1-46A6-99F7-BBC17F3CD129}.Release|Win32.ActiveCfg = Release|Win32
		{A7E1D49F-F1E1-46A6-99F7-BBC17F3CD129}.Release|Win32.Build.0 = Release|Win32
		{8EA3D702-87CC-464F-AFA3-7FED11D7CC96}.Debug_TS|Win32.ActiveCfg = Debug|Win32
		{8EA3D702-87CC-464F-AFA3-7FED11D7CC96}.Debug_TS|Win32.Build.0 = Debug|Win32
		{8EA3D702-87CC-464F-AFA3-7FED11D7CC96}.Debug|Win32.ActiveCfg = Debug|Win32
		{8EA3D702-87CC-464F-AFA3-7FED11D7CC96}.Debug|Win32.Build.0 = Debug|Win32
		{8EA3D702-87CC-464F-AFA3-7FED11D7CC96}.Release_TS|Win32.ActiveCfg = Release|Win32
		{8EA3D702-87CC-464F-AFA3-7FED11D7CC96}.Release_TS|Win32.Build.0 = Release|Win32
		{8EA3D702-87CC-464F-AFA3-7FED11D7CC96}.Release|Win32.ActiveCfg = Release|Win32
		{8EA3D702-87CC-464F-AFA3-7FED11D7CC96}.Release|Win32.Build.0 = Release|Win32
		{BE9ED174-5227-43F7-B878-E2AF811E787C}.Debug_TS|Win32.ActiveCfg = Debug|Win32
		{BE9ED174-5227-43F7-B878-E2AF811E787C}.Debug_TS|Win32.Build.0 = Debug|Win32
		{BE9ED174-5227-43F7-B878-E2AF811E787C}.Debug|Win32.ActiveCfg = Debug|Win32
		{BE9ED174-5227-43F7-B878-E2AF811E787C}.Debug|Win32.Build.0 = Debug|Win32
		{BE9ED174-5227-43F7-B878-E2AF811E787C}.Release_TS|Win32.ActiveCfg = Release|Win32
		{BE9ED174-5227-43F7-B878-E2AF811E787C}.Release_TS|Win32.Build.0 = Release|Win32
		{BE9ED174-5227-43F7-B878-E2AF811E787C}.Release|Win32.ActiveCfg = Release|Win32
		{BE9ED174-5227-43F7-B878-E2AF811E787C}.Release|Win32.Build.0 = Release|Win32
	EndGlobalSection
	GlobalSection(SolutionProperties) = preSolution
		HideSolutionNode = FALSE
	EndGlobalSection
EndGlobal
