
Microsoft Visual Studio Solution File, Format Version 12.00
# Visual Studio 2012
Project("{8BC9CEB8-8B4A-11D0-8D11-00A0C91BC942}") = "wing", "wing.vcxproj", "{3B68AC64-9078-4349-BAE5-7AC58BB6F568}"
EndProject
Project("{8BC9CEB8-8B4A-11D0-8D11-00A0C91BC942}") = "copy_data", "copy_data_test\test.vcxproj", "{1C7CE4FF-6810-4930-9C2A-8385235C91EF}"
EndProject
Project("{8BC9CEB8-8B4A-11D0-8D11-00A0C91BC942}") = "embed", "embed_test\embed\embed.vcxproj", "{18D55DB5-0E7E-4BBE-97CC-2DEBA50C2041}"
EndProject
Project("{8BC9CEB8-8B4A-11D0-8D11-00A0C91BC942}") = "env", "env\env.vcxproj", "{321C9E98-D3FF-49D7-9D51-61660E72DDBF}"
EndProject
Project("{8BC9CEB8-8B4A-11D0-8D11-00A0C91BC942}") = "test_code", "..\test_code\test_code\test_code.vcxproj", "{842B5DE1-C1AE-42AC-9CEE-FC392ED6BE30}"
EndProject
Global
	GlobalSection(SolutionConfigurationPlatforms) = preSolution
		Debug_TS|Win32 = Debug_TS|Win32
		Debug_TS|x64 = Debug_TS|x64
		Debug|Win32 = Debug|Win32
		Debug|x64 = Debug|x64
		MinSizeRel|Win32 = MinSizeRel|Win32
		MinSizeRel|x64 = MinSizeRel|x64
		R64|Win32 = R64|Win32
		R64|x64 = R64|x64
		Release_TS|Win32 = Release_TS|Win32
		Release_TS|x64 = Release_TS|x64
		Release|Win32 = Release|Win32
		Release|x64 = Release|x64
		Release64_TS|Win32 = Release64_TS|Win32
		Release64_TS|x64 = Release64_TS|x64
		Release64|Win32 = Release64|Win32
		Release64|x64 = Release64|x64
		RelWithDebInfo|Win32 = RelWithDebInfo|Win32
		RelWithDebInfo|x64 = RelWithDebInfo|x64
		Unicode Debug|Win32 = Unicode Debug|Win32
		Unicode Debug|x64 = Unicode Debug|x64
		Unicode Release|Win32 = Unicode Release|Win32
		Unicode Release|x64 = Unicode Release|x64
	EndGlobalSection
	GlobalSection(ProjectConfigurationPlatforms) = postSolution
		{3B68AC64-9078-4349-BAE5-7AC58BB6F568}.Debug_TS|Win32.ActiveCfg = Debug_TS|Win32
		{3B68AC64-9078-4349-BAE5-7AC58BB6F568}.Debug_TS|Win32.Build.0 = Debug_TS|Win32
		{3B68AC64-9078-4349-BAE5-7AC58BB6F568}.Debug_TS|x64.ActiveCfg = Debug_TS|Win32
		{3B68AC64-9078-4349-BAE5-7AC58BB6F568}.Debug|Win32.ActiveCfg = Debug_TS|Win32
		{3B68AC64-9078-4349-BAE5-7AC58BB6F568}.Debug|Win32.Build.0 = Debug_TS|Win32
		{3B68AC64-9078-4349-BAE5-7AC58BB6F568}.Debug|x64.ActiveCfg = Debug_TS|Win32
		{3B68AC64-9078-4349-BAE5-7AC58BB6F568}.MinSizeRel|Win32.ActiveCfg = Release64|Win32
		{3B68AC64-9078-4349-BAE5-7AC58BB6F568}.MinSizeRel|Win32.Build.0 = Release64|Win32
		{3B68AC64-9078-4349-BAE5-7AC58BB6F568}.MinSizeRel|x64.ActiveCfg = Release64|Win32
		{3B68AC64-9078-4349-BAE5-7AC58BB6F568}.R64|Win32.ActiveCfg = R64|Win32
		{3B68AC64-9078-4349-BAE5-7AC58BB6F568}.R64|Win32.Build.0 = R64|Win32
		{3B68AC64-9078-4349-BAE5-7AC58BB6F568}.R64|x64.ActiveCfg = R64|Win32
		{3B68AC64-9078-4349-BAE5-7AC58BB6F568}.Release_TS|Win32.ActiveCfg = Release_TS|Win32
		{3B68AC64-9078-4349-BAE5-7AC58BB6F568}.Release_TS|Win32.Build.0 = Release_TS|Win32
		{3B68AC64-9078-4349-BAE5-7AC58BB6F568}.Release_TS|x64.ActiveCfg = Release_TS|Win32
		{3B68AC64-9078-4349-BAE5-7AC58BB6F568}.Release|Win32.ActiveCfg = Release_TS|Win32
		{3B68AC64-9078-4349-BAE5-7AC58BB6F568}.Release|Win32.Build.0 = Release_TS|Win32
		{3B68AC64-9078-4349-BAE5-7AC58BB6F568}.Release|x64.ActiveCfg = Release64_TS|Win32
		{3B68AC64-9078-4349-BAE5-7AC58BB6F568}.Release64_TS|Win32.ActiveCfg = Release64_TS|Win32
		{3B68AC64-9078-4349-BAE5-7AC58BB6F568}.Release64_TS|Win32.Build.0 = Release64_TS|Win32
		{3B68AC64-9078-4349-BAE5-7AC58BB6F568}.Release64_TS|x64.ActiveCfg = Release_TS|Win32
		{3B68AC64-9078-4349-BAE5-7AC58BB6F568}.Release64|Win32.ActiveCfg = Release64|Win32
		{3B68AC64-9078-4349-BAE5-7AC58BB6F568}.Release64|Win32.Build.0 = Release64|Win32
		{3B68AC64-9078-4349-BAE5-7AC58BB6F568}.Release64|x64.ActiveCfg = Release64|Win32
		{3B68AC64-9078-4349-BAE5-7AC58BB6F568}.RelWithDebInfo|Win32.ActiveCfg = Release64|Win32
		{3B68AC64-9078-4349-BAE5-7AC58BB6F568}.RelWithDebInfo|Win32.Build.0 = Release64|Win32
		{3B68AC64-9078-4349-BAE5-7AC58BB6F568}.RelWithDebInfo|x64.ActiveCfg = Release64|Win32
		{3B68AC64-9078-4349-BAE5-7AC58BB6F568}.Unicode Debug|Win32.ActiveCfg = Release64|Win32
		{3B68AC64-9078-4349-BAE5-7AC58BB6F568}.Unicode Debug|Win32.Build.0 = Release64|Win32
		{3B68AC64-9078-4349-BAE5-7AC58BB6F568}.Unicode Debug|x64.ActiveCfg = Release64|Win32
		{3B68AC64-9078-4349-BAE5-7AC58BB6F568}.Unicode Release|Win32.ActiveCfg = Release64|Win32
		{3B68AC64-9078-4349-BAE5-7AC58BB6F568}.Unicode Release|Win32.Build.0 = Release64|Win32
		{3B68AC64-9078-4349-BAE5-7AC58BB6F568}.Unicode Release|x64.ActiveCfg = Release64|Win32
		{1C7CE4FF-6810-4930-9C2A-8385235C91EF}.Debug_TS|Win32.ActiveCfg = Debug|Win32
		{1C7CE4FF-6810-4930-9C2A-8385235C91EF}.Debug_TS|Win32.Build.0 = Debug|Win32
		{1C7CE4FF-6810-4930-9C2A-8385235C91EF}.Debug_TS|x64.ActiveCfg = Debug|Win32
		{1C7CE4FF-6810-4930-9C2A-8385235C91EF}.Debug|Win32.ActiveCfg = Debug|Win32
		{1C7CE4FF-6810-4930-9C2A-8385235C91EF}.Debug|Win32.Build.0 = Debug|Win32
		{1C7CE4FF-6810-4930-9C2A-8385235C91EF}.Debug|x64.ActiveCfg = Debug|Win32
		{1C7CE4FF-6810-4930-9C2A-8385235C91EF}.MinSizeRel|Win32.ActiveCfg = Release|Win32
		{1C7CE4FF-6810-4930-9C2A-8385235C91EF}.MinSizeRel|Win32.Build.0 = Release|Win32
		{1C7CE4FF-6810-4930-9C2A-8385235C91EF}.MinSizeRel|x64.ActiveCfg = Release|Win32
		{1C7CE4FF-6810-4930-9C2A-8385235C91EF}.R64|Win32.ActiveCfg = Release|Win32
		{1C7CE4FF-6810-4930-9C2A-8385235C91EF}.R64|Win32.Build.0 = Release|Win32
		{1C7CE4FF-6810-4930-9C2A-8385235C91EF}.R64|x64.ActiveCfg = Release|Win32
		{1C7CE4FF-6810-4930-9C2A-8385235C91EF}.Release_TS|Win32.ActiveCfg = Release|Win32
		{1C7CE4FF-6810-4930-9C2A-8385235C91EF}.Release_TS|Win32.Build.0 = Release|Win32
		{1C7CE4FF-6810-4930-9C2A-8385235C91EF}.Release_TS|x64.ActiveCfg = Release|Win32
		{1C7CE4FF-6810-4930-9C2A-8385235C91EF}.Release|Win32.ActiveCfg = Release|Win32
		{1C7CE4FF-6810-4930-9C2A-8385235C91EF}.Release|Win32.Build.0 = Release|Win32
		{1C7CE4FF-6810-4930-9C2A-8385235C91EF}.Release|x64.ActiveCfg = Release|Win32
		{1C7CE4FF-6810-4930-9C2A-8385235C91EF}.Release64_TS|Win32.ActiveCfg = Release|Win32
		{1C7CE4FF-6810-4930-9C2A-8385235C91EF}.Release64_TS|Win32.Build.0 = Release|Win32
		{1C7CE4FF-6810-4930-9C2A-8385235C91EF}.Release64_TS|x64.ActiveCfg = Release|Win32
		{1C7CE4FF-6810-4930-9C2A-8385235C91EF}.Release64|Win32.ActiveCfg = Release|Win32
		{1C7CE4FF-6810-4930-9C2A-8385235C91EF}.Release64|Win32.Build.0 = Release|Win32
		{1C7CE4FF-6810-4930-9C2A-8385235C91EF}.Release64|x64.ActiveCfg = Release|Win32
		{1C7CE4FF-6810-4930-9C2A-8385235C91EF}.RelWithDebInfo|Win32.ActiveCfg = Release|Win32
		{1C7CE4FF-6810-4930-9C2A-8385235C91EF}.RelWithDebInfo|Win32.Build.0 = Release|Win32
		{1C7CE4FF-6810-4930-9C2A-8385235C91EF}.RelWithDebInfo|x64.ActiveCfg = Release|Win32
		{1C7CE4FF-6810-4930-9C2A-8385235C91EF}.Unicode Debug|Win32.ActiveCfg = Debug|Win32
		{1C7CE4FF-6810-4930-9C2A-8385235C91EF}.Unicode Debug|Win32.Build.0 = Debug|Win32
		{1C7CE4FF-6810-4930-9C2A-8385235C91EF}.Unicode Debug|x64.ActiveCfg = Debug|Win32
		{1C7CE4FF-6810-4930-9C2A-8385235C91EF}.Unicode Release|Win32.ActiveCfg = Release|Win32
		{1C7CE4FF-6810-4930-9C2A-8385235C91EF}.Unicode Release|Win32.Build.0 = Release|Win32
		{1C7CE4FF-6810-4930-9C2A-8385235C91EF}.Unicode Release|x64.ActiveCfg = Release|Win32
		{18D55DB5-0E7E-4BBE-97CC-2DEBA50C2041}.Debug_TS|Win32.ActiveCfg = Debug|Win32
		{18D55DB5-0E7E-4BBE-97CC-2DEBA50C2041}.Debug_TS|Win32.Build.0 = Debug|Win32
		{18D55DB5-0E7E-4BBE-97CC-2DEBA50C2041}.Debug_TS|x64.ActiveCfg = Debug|Win32
		{18D55DB5-0E7E-4BBE-97CC-2DEBA50C2041}.Debug|Win32.ActiveCfg = Debug|Win32
		{18D55DB5-0E7E-4BBE-97CC-2DEBA50C2041}.Debug|Win32.Build.0 = Debug|Win32
		{18D55DB5-0E7E-4BBE-97CC-2DEBA50C2041}.Debug|x64.ActiveCfg = Debug|Win32
		{18D55DB5-0E7E-4BBE-97CC-2DEBA50C2041}.MinSizeRel|Win32.ActiveCfg = Release|Win32
		{18D55DB5-0E7E-4BBE-97CC-2DEBA50C2041}.MinSizeRel|Win32.Build.0 = Release|Win32
		{18D55DB5-0E7E-4BBE-97CC-2DEBA50C2041}.MinSizeRel|x64.ActiveCfg = Release|Win32
		{18D55DB5-0E7E-4BBE-97CC-2DEBA50C2041}.R64|Win32.ActiveCfg = Release|Win32
		{18D55DB5-0E7E-4BBE-97CC-2DEBA50C2041}.R64|Win32.Build.0 = Release|Win32
		{18D55DB5-0E7E-4BBE-97CC-2DEBA50C2041}.R64|x64.ActiveCfg = Release|Win32
		{18D55DB5-0E7E-4BBE-97CC-2DEBA50C2041}.Release_TS|Win32.ActiveCfg = Release|Win32
		{18D55DB5-0E7E-4BBE-97CC-2DEBA50C2041}.Release_TS|Win32.Build.0 = Release|Win32
		{18D55DB5-0E7E-4BBE-97CC-2DEBA50C2041}.Release_TS|x64.ActiveCfg = Release|Win32
		{18D55DB5-0E7E-4BBE-97CC-2DEBA50C2041}.Release|Win32.ActiveCfg = Release|Win32
		{18D55DB5-0E7E-4BBE-97CC-2DEBA50C2041}.Release|Win32.Build.0 = Release|Win32
		{18D55DB5-0E7E-4BBE-97CC-2DEBA50C2041}.Release|x64.ActiveCfg = Release|Win32
		{18D55DB5-0E7E-4BBE-97CC-2DEBA50C2041}.Release64_TS|Win32.ActiveCfg = Release|Win32
		{18D55DB5-0E7E-4BBE-97CC-2DEBA50C2041}.Release64_TS|Win32.Build.0 = Release|Win32
		{18D55DB5-0E7E-4BBE-97CC-2DEBA50C2041}.Release64_TS|x64.ActiveCfg = Release|Win32
		{18D55DB5-0E7E-4BBE-97CC-2DEBA50C2041}.Release64|Win32.ActiveCfg = Release|Win32
		{18D55DB5-0E7E-4BBE-97CC-2DEBA50C2041}.Release64|Win32.Build.0 = Release|Win32
		{18D55DB5-0E7E-4BBE-97CC-2DEBA50C2041}.Release64|x64.ActiveCfg = Release|Win32
		{18D55DB5-0E7E-4BBE-97CC-2DEBA50C2041}.RelWithDebInfo|Win32.ActiveCfg = Release|Win32
		{18D55DB5-0E7E-4BBE-97CC-2DEBA50C2041}.RelWithDebInfo|Win32.Build.0 = Release|Win32
		{18D55DB5-0E7E-4BBE-97CC-2DEBA50C2041}.RelWithDebInfo|x64.ActiveCfg = Release|Win32
		{18D55DB5-0E7E-4BBE-97CC-2DEBA50C2041}.Unicode Debug|Win32.ActiveCfg = Debug|Win32
		{18D55DB5-0E7E-4BBE-97CC-2DEBA50C2041}.Unicode Debug|Win32.Build.0 = Debug|Win32
		{18D55DB5-0E7E-4BBE-97CC-2DEBA50C2041}.Unicode Debug|x64.ActiveCfg = Debug|Win32
		{18D55DB5-0E7E-4BBE-97CC-2DEBA50C2041}.Unicode Release|Win32.ActiveCfg = Release|Win32
		{18D55DB5-0E7E-4BBE-97CC-2DEBA50C2041}.Unicode Release|Win32.Build.0 = Release|Win32
		{18D55DB5-0E7E-4BBE-97CC-2DEBA50C2041}.Unicode Release|x64.ActiveCfg = Release|Win32
		{321C9E98-D3FF-49D7-9D51-61660E72DDBF}.Debug_TS|Win32.ActiveCfg = Debug|Win32
		{321C9E98-D3FF-49D7-9D51-61660E72DDBF}.Debug_TS|Win32.Build.0 = Debug|Win32
		{321C9E98-D3FF-49D7-9D51-61660E72DDBF}.Debug_TS|x64.ActiveCfg = Debug|Win32
		{321C9E98-D3FF-49D7-9D51-61660E72DDBF}.Debug|Win32.ActiveCfg = Debug|Win32
		{321C9E98-D3FF-49D7-9D51-61660E72DDBF}.Debug|Win32.Build.0 = Debug|Win32
		{321C9E98-D3FF-49D7-9D51-61660E72DDBF}.Debug|x64.ActiveCfg = Debug|Win32
		{321C9E98-D3FF-49D7-9D51-61660E72DDBF}.MinSizeRel|Win32.ActiveCfg = Release|Win32
		{321C9E98-D3FF-49D7-9D51-61660E72DDBF}.MinSizeRel|Win32.Build.0 = Release|Win32
		{321C9E98-D3FF-49D7-9D51-61660E72DDBF}.MinSizeRel|x64.ActiveCfg = Release|Win32
		{321C9E98-D3FF-49D7-9D51-61660E72DDBF}.R64|Win32.ActiveCfg = Release|Win32
		{321C9E98-D3FF-49D7-9D51-61660E72DDBF}.R64|Win32.Build.0 = Release|Win32
		{321C9E98-D3FF-49D7-9D51-61660E72DDBF}.R64|x64.ActiveCfg = Release|Win32
		{321C9E98-D3FF-49D7-9D51-61660E72DDBF}.Release_TS|Win32.ActiveCfg = Release|Win32
		{321C9E98-D3FF-49D7-9D51-61660E72DDBF}.Release_TS|Win32.Build.0 = Release|Win32
		{321C9E98-D3FF-49D7-9D51-61660E72DDBF}.Release_TS|x64.ActiveCfg = Release|Win32
		{321C9E98-D3FF-49D7-9D51-61660E72DDBF}.Release|Win32.ActiveCfg = Release|Win32
		{321C9E98-D3FF-49D7-9D51-61660E72DDBF}.Release|Win32.Build.0 = Release|Win32
		{321C9E98-D3FF-49D7-9D51-61660E72DDBF}.Release|x64.ActiveCfg = Release|Win32
		{321C9E98-D3FF-49D7-9D51-61660E72DDBF}.Release64_TS|Win32.ActiveCfg = Release|Win32
		{321C9E98-D3FF-49D7-9D51-61660E72DDBF}.Release64_TS|Win32.Build.0 = Release|Win32
		{321C9E98-D3FF-49D7-9D51-61660E72DDBF}.Release64_TS|x64.ActiveCfg = Release|Win32
		{321C9E98-D3FF-49D7-9D51-61660E72DDBF}.Release64|Win32.ActiveCfg = Release|Win32
		{321C9E98-D3FF-49D7-9D51-61660E72DDBF}.Release64|Win32.Build.0 = Release|Win32
		{321C9E98-D3FF-49D7-9D51-61660E72DDBF}.Release64|x64.ActiveCfg = Release|Win32
		{321C9E98-D3FF-49D7-9D51-61660E72DDBF}.RelWithDebInfo|Win32.ActiveCfg = Release|Win32
		{321C9E98-D3FF-49D7-9D51-61660E72DDBF}.RelWithDebInfo|Win32.Build.0 = Release|Win32
		{321C9E98-D3FF-49D7-9D51-61660E72DDBF}.RelWithDebInfo|x64.ActiveCfg = Release|Win32
		{321C9E98-D3FF-49D7-9D51-61660E72DDBF}.Unicode Debug|Win32.ActiveCfg = Debug|Win32
		{321C9E98-D3FF-49D7-9D51-61660E72DDBF}.Unicode Debug|Win32.Build.0 = Debug|Win32
		{321C9E98-D3FF-49D7-9D51-61660E72DDBF}.Unicode Debug|x64.ActiveCfg = Debug|Win32
		{321C9E98-D3FF-49D7-9D51-61660E72DDBF}.Unicode Release|Win32.ActiveCfg = Release|Win32
		{321C9E98-D3FF-49D7-9D51-61660E72DDBF}.Unicode Release|Win32.Build.0 = Release|Win32
		{321C9E98-D3FF-49D7-9D51-61660E72DDBF}.Unicode Release|x64.ActiveCfg = Release|Win32
		{842B5DE1-C1AE-42AC-9CEE-FC392ED6BE30}.Debug_TS|Win32.ActiveCfg = Debug|Win32
		{842B5DE1-C1AE-42AC-9CEE-FC392ED6BE30}.Debug_TS|Win32.Build.0 = Debug|Win32
		{842B5DE1-C1AE-42AC-9CEE-FC392ED6BE30}.Debug_TS|x64.ActiveCfg = Debug|Win32
		{842B5DE1-C1AE-42AC-9CEE-FC392ED6BE30}.Debug|Win32.ActiveCfg = Debug|Win32
		{842B5DE1-C1AE-42AC-9CEE-FC392ED6BE30}.Debug|Win32.Build.0 = Debug|Win32
		{842B5DE1-C1AE-42AC-9CEE-FC392ED6BE30}.Debug|x64.ActiveCfg = Debug|Win32
		{842B5DE1-C1AE-42AC-9CEE-FC392ED6BE30}.MinSizeRel|Win32.ActiveCfg = Release|Win32
		{842B5DE1-C1AE-42AC-9CEE-FC392ED6BE30}.MinSizeRel|Win32.Build.0 = Release|Win32
		{842B5DE1-C1AE-42AC-9CEE-FC392ED6BE30}.MinSizeRel|x64.ActiveCfg = Release|Win32
		{842B5DE1-C1AE-42AC-9CEE-FC392ED6BE30}.R64|Win32.ActiveCfg = Release|Win32
		{842B5DE1-C1AE-42AC-9CEE-FC392ED6BE30}.R64|Win32.Build.0 = Release|Win32
		{842B5DE1-C1AE-42AC-9CEE-FC392ED6BE30}.R64|x64.ActiveCfg = Release|Win32
		{842B5DE1-C1AE-42AC-9CEE-FC392ED6BE30}.Release_TS|Win32.ActiveCfg = Release|Win32
		{842B5DE1-C1AE-42AC-9CEE-FC392ED6BE30}.Release_TS|Win32.Build.0 = Release|Win32
		{842B5DE1-C1AE-42AC-9CEE-FC392ED6BE30}.Release_TS|x64.ActiveCfg = Release|Win32
		{842B5DE1-C1AE-42AC-9CEE-FC392ED6BE30}.Release|Win32.ActiveCfg = Release|Win32
		{842B5DE1-C1AE-42AC-9CEE-FC392ED6BE30}.Release|Win32.Build.0 = Release|Win32
		{842B5DE1-C1AE-42AC-9CEE-FC392ED6BE30}.Release|x64.ActiveCfg = Release|Win32
		{842B5DE1-C1AE-42AC-9CEE-FC392ED6BE30}.Release64_TS|Win32.ActiveCfg = Release|Win32
		{842B5DE1-C1AE-42AC-9CEE-FC392ED6BE30}.Release64_TS|Win32.Build.0 = Release|Win32
		{842B5DE1-C1AE-42AC-9CEE-FC392ED6BE30}.Release64_TS|x64.ActiveCfg = Release|Win32
		{842B5DE1-C1AE-42AC-9CEE-FC392ED6BE30}.Release64|Win32.ActiveCfg = Release|Win32
		{842B5DE1-C1AE-42AC-9CEE-FC392ED6BE30}.Release64|Win32.Build.0 = Release|Win32
		{842B5DE1-C1AE-42AC-9CEE-FC392ED6BE30}.Release64|x64.ActiveCfg = Release|Win32
		{842B5DE1-C1AE-42AC-9CEE-FC392ED6BE30}.RelWithDebInfo|Win32.ActiveCfg = Release|Win32
		{842B5DE1-C1AE-42AC-9CEE-FC392ED6BE30}.RelWithDebInfo|Win32.Build.0 = Release|Win32
		{842B5DE1-C1AE-42AC-9CEE-FC392ED6BE30}.RelWithDebInfo|x64.ActiveCfg = Release|Win32
		{842B5DE1-C1AE-42AC-9CEE-FC392ED6BE30}.Unicode Debug|Win32.ActiveCfg = Debug|Win32
		{842B5DE1-C1AE-42AC-9CEE-FC392ED6BE30}.Unicode Debug|Win32.Build.0 = Debug|Win32
		{842B5DE1-C1AE-42AC-9CEE-FC392ED6BE30}.Unicode Debug|x64.ActiveCfg = Debug|Win32
		{842B5DE1-C1AE-42AC-9CEE-FC392ED6BE30}.Unicode Release|Win32.ActiveCfg = Release|Win32
		{842B5DE1-C1AE-42AC-9CEE-FC392ED6BE30}.Unicode Release|Win32.Build.0 = Release|Win32
		{842B5DE1-C1AE-42AC-9CEE-FC392ED6BE30}.Unicode Release|x64.ActiveCfg = Release|Win32
	EndGlobalSection
	GlobalSection(SolutionProperties) = preSolution
		HideSolutionNode = FALSE
	EndGlobalSection
EndGlobal
