
Microsoft Visual Studio Solution File, Format Version 11.00
# Visual C++ Express 2010
Project("{8BC9CEB8-8B4A-11D0-8D11-00A0C91BC942}") = "CxImageCrtDll", "CxImageCrtDll.vcxproj", "{771FDA7B-A299-4974-982D-8B77973C7896}"
EndProject
Project("{8BC9CEB8-8B4A-11D0-8D11-00A0C91BC942}") = "cximagemfcdll", "cximagemfcdll.vcxproj", "{3FC89062-3718-4295-BD04-4DBFB81F278B}"
	ProjectSection(ProjectDependencies) = postProject
		{838EE52E-ECB0-4256-89D5-8418B5F14E21} = {838EE52E-ECB0-4256-89D5-8418B5F14E21}
		{3770B285-B61F-4AA8-AE5A-624BED820EED} = {3770B285-B61F-4AA8-AE5A-624BED820EED}
		{EBBF85B9-C8FA-4566-B4A6-0F155673D75C} = {EBBF85B9-C8FA-4566-B4A6-0F155673D75C}
		{81C530E5-D74C-4A3E-B313-7EBD75698949} = {81C530E5-D74C-4A3E-B313-7EBD75698949}
	EndProjectSection
EndProject
Project("{8BC9CEB8-8B4A-11D0-8D11-00A0C91BC942}") = "jbig", "..\..\jbig\jbig.vcxproj", "{C8353FEE-3BBD-40F4-AA72-4D6468277D91}"
EndProject
Project("{8BC9CEB8-8B4A-11D0-8D11-00A0C91BC942}") = "Jpeg", "..\..\jpeg\Jpeg.vcxproj", "{C672D3DF-2FF3-45B9-9A46-09D7BE07DCF4}"
EndProject
Project("{8BC9CEB8-8B4A-11D0-8D11-00A0C91BC942}") = "png", "..\..\png\png.vcxproj", "{121B23FF-D088-4CF7-A72D-D2552A142C2C}"
EndProject
Project("{8BC9CEB8-8B4A-11D0-8D11-00A0C91BC942}") = "Tiff", "..\..\tiff\Tiff.vcxproj", "{6E2D8FA1-609C-4E39-97B9-679834179DB4}"
EndProject
Project("{8BC9CEB8-8B4A-11D0-8D11-00A0C91BC942}") = "zlib", "..\..\zlib\zlib.vcxproj", "{5D1B5573-7D19-468C-A4EF-DA583716F370}"
EndProject
Project("{8BC9CEB8-8B4A-11D0-8D11-00A0C91BC942}") = "jasper", "..\..\jasper\jasper.vcxproj", "{81C530E5-D74C-4A3E-B313-7EBD75698949}"
EndProject
Project("{8BC9CEB8-8B4A-11D0-8D11-00A0C91BC942}") = "libpsd", "..\..\libpsd\libpsd.vcxproj", "{838EE52E-ECB0-4256-89D5-8418B5F14E21}"
EndProject
Project("{8BC9CEB8-8B4A-11D0-8D11-00A0C91BC942}") = "mng", "..\..\mng\mng.vcxproj", "{EBBF85B9-C8FA-4566-B4A6-0F155673D75C}"
EndProject
Project("{8BC9CEB8-8B4A-11D0-8D11-00A0C91BC942}") = "libdcr", "..\..\raw\libdcr.vcxproj", "{3770B285-B61F-4AA8-AE5A-624BED820EED}"
EndProject
Global
	GlobalSection(SolutionConfigurationPlatforms) = preSolution
		Debug|Win32 = Debug|Win32
		Debug|x64 = Debug|x64
		Release|Win32 = Release|Win32
		Release|x64 = Release|x64
	EndGlobalSection
	GlobalSection(ProjectConfigurationPlatforms) = postSolution
		{771FDA7B-A299-4974-982D-8B77973C7896}.Debug|Win32.ActiveCfg = Debug|Win32
		{771FDA7B-A299-4974-982D-8B77973C7896}.Debug|Win32.Build.0 = Debug|Win32
		{771FDA7B-A299-4974-982D-8B77973C7896}.Debug|x64.ActiveCfg = Debug|x64
		{771FDA7B-A299-4974-982D-8B77973C7896}.Debug|x64.Build.0 = Debug|x64
		{771FDA7B-A299-4974-982D-8B77973C7896}.Release|Win32.ActiveCfg = Release|Win32
		{771FDA7B-A299-4974-982D-8B77973C7896}.Release|Win32.Build.0 = Release|Win32
		{771FDA7B-A299-4974-982D-8B77973C7896}.Release|x64.ActiveCfg = Release|x64
		{771FDA7B-A299-4974-982D-8B77973C7896}.Release|x64.Build.0 = Release|x64
		{3FC89062-3718-4295-BD04-4DBFB81F278B}.Debug|Win32.ActiveCfg = Debug|Win32
		{3FC89062-3718-4295-BD04-4DBFB81F278B}.Debug|Win32.Build.0 = Debug|Win32
		{3FC89062-3718-4295-BD04-4DBFB81F278B}.Debug|x64.ActiveCfg = Debug|x64
		{3FC89062-3718-4295-BD04-4DBFB81F278B}.Debug|x64.Build.0 = Debug|x64
		{3FC89062-3718-4295-BD04-4DBFB81F278B}.Release|Win32.ActiveCfg = Release|Win32
		{3FC89062-3718-4295-BD04-4DBFB81F278B}.Release|Win32.Build.0 = Release|Win32
		{3FC89062-3718-4295-BD04-4DBFB81F278B}.Release|x64.ActiveCfg = Release|x64
		{3FC89062-3718-4295-BD04-4DBFB81F278B}.Release|x64.Build.0 = Release|x64
		{C8353FEE-3BBD-40F4-AA72-4D6468277D91}.Debug|Win32.ActiveCfg = Debug|Win32
		{C8353FEE-3BBD-40F4-AA72-4D6468277D91}.Debug|Win32.Build.0 = Debug|Win32
		{C8353FEE-3BBD-40F4-AA72-4D6468277D91}.Debug|x64.ActiveCfg = Debug|x64
		{C8353FEE-3BBD-40F4-AA72-4D6468277D91}.Debug|x64.Build.0 = Debug|x64
		{C8353FEE-3BBD-40F4-AA72-4D6468277D91}.Release|Win32.ActiveCfg = Release|Win32
		{C8353FEE-3BBD-40F4-AA72-4D6468277D91}.Release|Win32.Build.0 = Release|Win32
		{C8353FEE-3BBD-40F4-AA72-4D6468277D91}.Release|x64.ActiveCfg = Release|x64
		{C8353FEE-3BBD-40F4-AA72-4D6468277D91}.Release|x64.Build.0 = Release|x64
		{C672D3DF-2FF3-45B9-9A46-09D7BE07DCF4}.Debug|Win32.ActiveCfg = Debug|Win32
		{C672D3DF-2FF3-45B9-9A46-09D7BE07DCF4}.Debug|Win32.Build.0 = Debug|Win32
		{C672D3DF-2FF3-45B9-9A46-09D7BE07DCF4}.Debug|x64.ActiveCfg = Debug|x64
		{C672D3DF-2FF3-45B9-9A46-09D7BE07DCF4}.Debug|x64.Build.0 = Debug|x64
		{C672D3DF-2FF3-45B9-9A46-09D7BE07DCF4}.Release|Win32.ActiveCfg = Release|Win32
		{C672D3DF-2FF3-45B9-9A46-09D7BE07DCF4}.Release|Win32.Build.0 = Release|Win32
		{C672D3DF-2FF3-45B9-9A46-09D7BE07DCF4}.Release|x64.ActiveCfg = Release|x64
		{C672D3DF-2FF3-45B9-9A46-09D7BE07DCF4}.Release|x64.Build.0 = Release|x64
		{121B23FF-D088-4CF7-A72D-D2552A142C2C}.Debug|Win32.ActiveCfg = Debug|Win32
		{121B23FF-D088-4CF7-A72D-D2552A142C2C}.Debug|Win32.Build.0 = Debug|Win32
		{121B23FF-D088-4CF7-A72D-D2552A142C2C}.Debug|x64.ActiveCfg = Debug|x64
		{121B23FF-D088-4CF7-A72D-D2552A142C2C}.Debug|x64.Build.0 = Debug|x64
		{121B23FF-D088-4CF7-A72D-D2552A142C2C}.Release|Win32.ActiveCfg = Release|Win32
		{121B23FF-D088-4CF7-A72D-D2552A142C2C}.Release|Win32.Build.0 = Release|Win32
		{121B23FF-D088-4CF7-A72D-D2552A142C2C}.Release|x64.ActiveCfg = Release|x64
		{121B23FF-D088-4CF7-A72D-D2552A142C2C}.Release|x64.Build.0 = Release|x64
		{6E2D8FA1-609C-4E39-97B9-679834179DB4}.Debug|Win32.ActiveCfg = Debug|Win32
		{6E2D8FA1-609C-4E39-97B9-679834179DB4}.Debug|Win32.Build.0 = Debug|Win32
		{6E2D8FA1-609C-4E39-97B9-679834179DB4}.Debug|x64.ActiveCfg = Debug|x64
		{6E2D8FA1-609C-4E39-97B9-679834179DB4}.Debug|x64.Build.0 = Debug|x64
		{6E2D8FA1-609C-4E39-97B9-679834179DB4}.Release|Win32.ActiveCfg = Release|Win32
		{6E2D8FA1-609C-4E39-97B9-679834179DB4}.Release|Win32.Build.0 = Release|Win32
		{6E2D8FA1-609C-4E39-97B9-679834179DB4}.Release|x64.ActiveCfg = Release|x64
		{6E2D8FA1-609C-4E39-97B9-679834179DB4}.Release|x64.Build.0 = Release|x64
		{5D1B5573-7D19-468C-A4EF-DA583716F370}.Debug|Win32.ActiveCfg = Debug|Win32
		{5D1B5573-7D19-468C-A4EF-DA583716F370}.Debug|Win32.Build.0 = Debug|Win32
		{5D1B5573-7D19-468C-A4EF-DA583716F370}.Debug|x64.ActiveCfg = Debug|x64
		{5D1B5573-7D19-468C-A4EF-DA583716F370}.Debug|x64.Build.0 = Debug|x64
		{5D1B5573-7D19-468C-A4EF-DA583716F370}.Release|Win32.ActiveCfg = Release|Win32
		{5D1B5573-7D19-468C-A4EF-DA583716F370}.Release|Win32.Build.0 = Release|Win32
		{5D1B5573-7D19-468C-A4EF-DA583716F370}.Release|x64.ActiveCfg = Release|x64
		{5D1B5573-7D19-468C-A4EF-DA583716F370}.Release|x64.Build.0 = Release|x64
		{81C530E5-D74C-4A3E-B313-7EBD75698949}.Debug|Win32.ActiveCfg = Debug|Win32
		{81C530E5-D74C-4A3E-B313-7EBD75698949}.Debug|Win32.Build.0 = Debug|Win32
		{81C530E5-D74C-4A3E-B313-7EBD75698949}.Debug|x64.ActiveCfg = Debug|x64
		{81C530E5-D74C-4A3E-B313-7EBD75698949}.Debug|x64.Build.0 = Debug|x64
		{81C530E5-D74C-4A3E-B313-7EBD75698949}.Release|Win32.ActiveCfg = Release|Win32
		{81C530E5-D74C-4A3E-B313-7EBD75698949}.Release|Win32.Build.0 = Release|Win32
		{81C530E5-D74C-4A3E-B313-7EBD75698949}.Release|x64.ActiveCfg = Release|x64
		{81C530E5-D74C-4A3E-B313-7EBD75698949}.Release|x64.Build.0 = Release|x64
		{838EE52E-ECB0-4256-89D5-8418B5F14E21}.Debug|Win32.ActiveCfg = Debug|Win32
		{838EE52E-ECB0-4256-89D5-8418B5F14E21}.Debug|Win32.Build.0 = Debug|Win32
		{838EE52E-ECB0-4256-89D5-8418B5F14E21}.Debug|x64.ActiveCfg = Debug|x64
		{838EE52E-ECB0-4256-89D5-8418B5F14E21}.Debug|x64.Build.0 = Debug|x64
		{838EE52E-ECB0-4256-89D5-8418B5F14E21}.Release|Win32.ActiveCfg = Release|Win32
		{838EE52E-ECB0-4256-89D5-8418B5F14E21}.Release|Win32.Build.0 = Release|Win32
		{838EE52E-ECB0-4256-89D5-8418B5F14E21}.Release|x64.ActiveCfg = Release|x64
		{838EE52E-ECB0-4256-89D5-8418B5F14E21}.Release|x64.Build.0 = Release|x64
		{EBBF85B9-C8FA-4566-B4A6-0F155673D75C}.Debug|Win32.ActiveCfg = Debug|Win32
		{EBBF85B9-C8FA-4566-B4A6-0F155673D75C}.Debug|Win32.Build.0 = Debug|Win32
		{EBBF85B9-C8FA-4566-B4A6-0F155673D75C}.Debug|x64.ActiveCfg = Debug|x64
		{EBBF85B9-C8FA-4566-B4A6-0F155673D75C}.Debug|x64.Build.0 = Debug|x64
		{EBBF85B9-C8FA-4566-B4A6-0F155673D75C}.Release|Win32.ActiveCfg = Release|Win32
		{EBBF85B9-C8FA-4566-B4A6-0F155673D75C}.Release|Win32.Build.0 = Release|Win32
		{EBBF85B9-C8FA-4566-B4A6-0F155673D75C}.Release|x64.ActiveCfg = Release|x64
		{EBBF85B9-C8FA-4566-B4A6-0F155673D75C}.Release|x64.Build.0 = Release|x64
		{3770B285-B61F-4AA8-AE5A-624BED820EED}.Debug|Win32.ActiveCfg = Debug|Win32
		{3770B285-B61F-4AA8-AE5A-624BED820EED}.Debug|Win32.Build.0 = Debug|Win32
		{3770B285-B61F-4AA8-AE5A-624BED820EED}.Debug|x64.ActiveCfg = Debug|x64
		{3770B285-B61F-4AA8-AE5A-624BED820EED}.Debug|x64.Build.0 = Debug|x64
		{3770B285-B61F-4AA8-AE5A-624BED820EED}.Release|Win32.ActiveCfg = Release|Win32
		{3770B285-B61F-4AA8-AE5A-624BED820EED}.Release|Win32.Build.0 = Release|Win32
		{3770B285-B61F-4AA8-AE5A-624BED820EED}.Release|x64.ActiveCfg = Release|x64
		{3770B285-B61F-4AA8-AE5A-624BED820EED}.Release|x64.Build.0 = Release|x64
	EndGlobalSection
	GlobalSection(SolutionProperties) = preSolution
		HideSolutionNode = FALSE
	EndGlobalSection
EndGlobal
